
Microsoft Visual Studio Solution File, Format Version 12.00
# Visual Studio Version 17
VisualStudioVersion = 17.4.33110.190
MinimumVisualStudioVersion = 10.0.40219.1
Project("{FAE04EC0-301F-11D3-BF4B-00C04F79EFBC}") = "FilterTask", "FilterTask\FilterTask.csproj", "{4D70582F-B522-495A-A0EC-58F64546A093}"
EndProject
Global
	GlobalSection(SolutionConfigurationPlatforms) = preSolution
		Debug|Any CPU = Debug|Any CPU
		Release|Any CPU = Release|Any CPU
	EndGlobalSection
	GlobalSection(ProjectConfigurationPlatforms) = postSolution
		{4D70582F-B522-495A-A0EC-58F64546A093}.Debug|Any CPU.ActiveCfg = Debug|Any CPU
		{4D70582F-B522-495A-A0EC-58F64546A093}.Debug|Any CPU.Build.0 = Debug|Any CPU
		{4D70582F-B522-495A-A0EC-58F64546A093}.Release|Any CPU.ActiveCfg = Release|Any CPU
		{4D70582F-B522-495A-A0EC-58F64546A093}.Release|Any CPU.Build.0 = Release|Any CPU
	EndGlobalSection
	GlobalSection(SolutionProperties) = preSolution
		HideSolutionNode = FALSE
	EndGlobalSection
	GlobalSection(ExtensibilityGlobals) = postSolution
		SolutionGuid = {0159C475-F612-48ED-98B7-C2FA270C3300}
	EndGlobalSection
EndGlobal
